
Microsoft Visual Studio Solution File, Format Version 12.00
# Visual Studio 15
VisualStudioVersion = 15.0.25807.0
MinimumVisualStudioVersion = 10.0.40219.1
Project("{2150E333-8FDC-42A3-9474-1A3956D46DE8}") = "Engine", "Engine", "{EF32865B-6BD1-45C5-B66C-C3FAE7627B96}"
EndProject
Project("{2150E333-8FDC-42A3-9474-1A3956D46DE8}") = "Enterprise", "Enterprise", "{8C6CCBDA-E67A-4C51-9EBD-6C83C115CEE6}"
EndProject
Project("{2150E333-8FDC-42A3-9474-1A3956D46DE8}") = "Games", "Games", "{A2804CB1-FBA5-4D00-BEE0-F3D2D83E195A}"
EndProject
Project("{8BC9CEB8-8B4A-11D0-8D11-00A0C91BC942}") = "UE4", "Intermediate\ProjectFiles\UE4.vcxproj", "{233B8C68-5BD4-4438-9179-35C557AA5E28}"
EndProject
Project("{8BC9CEB8-8B4A-11D0-8D11-00A0C91BC942}") = "Studio", "Intermediate\ProjectFiles\Studio.vcxproj", "{618D4FC9-DD09-4F27-85EA-B7A667307FBB}"
EndProject
Project("{8BC9CEB8-8B4A-11D0-8D11-00A0C91BC942}") = "BuildingEscape", "Intermediate\ProjectFiles\BuildingEscape.vcxproj", "{BE180DB3-0F61-4316-BA56-9B5348CA14CB}"
EndProject
Global
	GlobalSection(SolutionConfigurationPlatforms) = preSolution
		DebugGame Editor|HTML5 = DebugGame Editor|HTML5
		DebugGame Editor|Win32 = DebugGame Editor|Win32
		DebugGame Editor|Win64 = DebugGame Editor|Win64
		DebugGame|HTML5 = DebugGame|HTML5
		DebugGame|Win32 = DebugGame|Win32
		DebugGame|Win64 = DebugGame|Win64
		Development Editor|HTML5 = Development Editor|HTML5
		Development Editor|Win32 = Development Editor|Win32
		Development Editor|Win64 = Development Editor|Win64
		Development|HTML5 = Development|HTML5
		Development|Win32 = Development|Win32
		Development|Win64 = Development|Win64
		Shipping|HTML5 = Shipping|HTML5
		Shipping|Win32 = Shipping|Win32
		Shipping|Win64 = Shipping|Win64
	EndGlobalSection
	GlobalSection(ProjectConfigurationPlatforms) = postSolution
		{233B8C68-5BD4-4438-9179-35C557AA5E28}.DebugGame Editor|HTML5.ActiveCfg = BuiltWithUnrealBuildTool|Win32
		{233B8C68-5BD4-4438-9179-35C557AA5E28}.DebugGame Editor|HTML5.Build.0 = BuiltWithUnrealBuildTool|Win32
		{233B8C68-5BD4-4438-9179-35C557AA5E28}.DebugGame Editor|Win32.ActiveCfg = BuiltWithUnrealBuildTool|Win32
		{233B8C68-5BD4-4438-9179-35C557AA5E28}.DebugGame Editor|Win32.Build.0 = BuiltWithUnrealBuildTool|Win32
		{233B8C68-5BD4-4438-9179-35C557AA5E28}.DebugGame Editor|Win64.ActiveCfg = BuiltWithUnrealBuildTool|Win32
		{233B8C68-5BD4-4438-9179-35C557AA5E28}.DebugGame Editor|Win64.Build.0 = BuiltWithUnrealBuildTool|Win32
		{233B8C68-5BD4-4438-9179-35C557AA5E28}.DebugGame|HTML5.ActiveCfg = BuiltWithUnrealBuildTool|Win32
		{233B8C68-5BD4-4438-9179-35C557AA5E28}.DebugGame|HTML5.Build.0 = BuiltWithUnrealBuildTool|Win32
		{233B8C68-5BD4-4438-9179-35C557AA5E28}.DebugGame|Win32.ActiveCfg = BuiltWithUnrealBuildTool|Win32
		{233B8C68-5BD4-4438-9179-35C557AA5E28}.DebugGame|Win32.Build.0 = BuiltWithUnrealBuildTool|Win32
		{233B8C68-5BD4-4438-9179-35C557AA5E28}.DebugGame|Win64.ActiveCfg = BuiltWithUnrealBuildTool|Win32
		{233B8C68-5BD4-4438-9179-35C557AA5E28}.DebugGame|Win64.Build.0 = BuiltWithUnrealBuildTool|Win32
		{233B8C68-5BD4-4438-9179-35C557AA5E28}.Development Editor|HTML5.ActiveCfg = BuiltWithUnrealBuildTool|Win32
		{233B8C68-5BD4-4438-9179-35C557AA5E28}.Development Editor|HTML5.Build.0 = BuiltWithUnrealBuildTool|Win32
		{233B8C68-5BD4-4438-9179-35C557AA5E28}.Development Editor|Win32.ActiveCfg = BuiltWithUnrealBuildTool|Win32
		{233B8C68-5BD4-4438-9179-35C557AA5E28}.Development Editor|Win32.Build.0 = BuiltWithUnrealBuildTool|Win32
		{233B8C68-5BD4-4438-9179-35C557AA5E28}.Development Editor|Win64.ActiveCfg = BuiltWithUnrealBuildTool|Win32
		{233B8C68-5BD4-4438-9179-35C557AA5E28}.Development Editor|Win64.Build.0 = BuiltWithUnrealBuildTool|Win32
		{233B8C68-5BD4-4438-9179-35C557AA5E28}.Development|HTML5.ActiveCfg = BuiltWithUnrealBuildTool|Win32
		{233B8C68-5BD4-4438-9179-35C557AA5E28}.Development|HTML5.Build.0 = BuiltWithUnrealBuildTool|Win32
		{233B8C68-5BD4-4438-9179-35C557AA5E28}.Development|Win32.ActiveCfg = BuiltWithUnrealBuildTool|Win32
		{233B8C68-5BD4-4438-9179-35C557AA5E28}.Development|Win32.Build.0 = BuiltWithUnrealBuildTool|Win32
		{233B8C68-5BD4-4438-9179-35C557AA5E28}.Development|Win64.ActiveCfg = BuiltWithUnrealBuildTool|Win32
		{233B8C68-5BD4-4438-9179-35C557AA5E28}.Development|Win64.Build.0 = BuiltWithUnrealBuildTool|Win32
		{233B8C68-5BD4-4438-9179-35C557AA5E28}.Shipping|HTML5.ActiveCfg = BuiltWithUnrealBuildTool|Win32
		{233B8C68-5BD4-4438-9179-35C557AA5E28}.Shipping|HTML5.Build.0 = BuiltWithUnrealBuildTool|Win32
		{233B8C68-5BD4-4438-9179-35C557AA5E28}.Shipping|Win32.ActiveCfg = BuiltWithUnrealBuildTool|Win32
		{233B8C68-5BD4-4438-9179-35C557AA5E28}.Shipping|Win32.Build.0 = BuiltWithUnrealBuildTool|Win32
		{233B8C68-5BD4-4438-9179-35C557AA5E28}.Shipping|Win64.ActiveCfg = BuiltWithUnrealBuildTool|Win32
		{233B8C68-5BD4-4438-9179-35C557AA5E28}.Shipping|Win64.Build.0 = BuiltWithUnrealBuildTool|Win32
		{618D4FC9-DD09-4F27-85EA-B7A667307FBB}.DebugGame Editor|HTML5.ActiveCfg = BuiltWithUnrealBuildTool|Win32
		{618D4FC9-DD09-4F27-85EA-B7A667307FBB}.DebugGame Editor|HTML5.Build.0 = BuiltWithUnrealBuildTool|Win32
		{618D4FC9-DD09-4F27-85EA-B7A667307FBB}.DebugGame Editor|Win32.ActiveCfg = BuiltWithUnrealBuildTool|Win32
		{618D4FC9-DD09-4F27-85EA-B7A667307FBB}.DebugGame Editor|Win32.Build.0 = BuiltWithUnrealBuildTool|Win32
		{618D4FC9-DD09-4F27-85EA-B7A667307FBB}.DebugGame Editor|Win64.ActiveCfg = BuiltWithUnrealBuildTool|Win32
		{618D4FC9-DD09-4F27-85EA-B7A667307FBB}.DebugGame Editor|Win64.Build.0 = BuiltWithUnrealBuildTool|Win32
		{618D4FC9-DD09-4F27-85EA-B7A667307FBB}.DebugGame|HTML5.ActiveCfg = BuiltWithUnrealBuildTool|Win32
		{618D4FC9-DD09-4F27-85EA-B7A667307FBB}.DebugGame|HTML5.Build.0 = BuiltWithUnrealBuildTool|Win32
		{618D4FC9-DD09-4F27-85EA-B7A667307FBB}.DebugGame|Win32.ActiveCfg = BuiltWithUnrealBuildTool|Win32
		{618D4FC9-DD09-4F27-85EA-B7A667307FBB}.DebugGame|Win32.Build.0 = BuiltWithUnrealBuildTool|Win32
		{618D4FC9-DD09-4F27-85EA-B7A667307FBB}.DebugGame|Win64.ActiveCfg = BuiltWithUnrealBuildTool|Win32
		{618D4FC9-DD09-4F27-85EA-B7A667307FBB}.DebugGame|Win64.Build.0 = BuiltWithUnrealBuildTool|Win32
		{618D4FC9-DD09-4F27-85EA-B7A667307FBB}.Development Editor|HTML5.ActiveCfg = BuiltWithUnrealBuildTool|Win32
		{618D4FC9-DD09-4F27-85EA-B7A667307FBB}.Development Editor|HTML5.Build.0 = BuiltWithUnrealBuildTool|Win32
		{618D4FC9-DD09-4F27-85EA-B7A667307FBB}.Development Editor|Win32.ActiveCfg = BuiltWithUnrealBuildTool|Win32
		{618D4FC9-DD09-4F27-85EA-B7A667307FBB}.Development Editor|Win32.Build.0 = BuiltWithUnrealBuildTool|Win32
		{618D4FC9-DD09-4F27-85EA-B7A667307FBB}.Development Editor|Win64.ActiveCfg = BuiltWithUnrealBuildTool|Win32
		{618D4FC9-DD09-4F27-85EA-B7A667307FBB}.Development Editor|Win64.Build.0 = BuiltWithUnrealBuildTool|Win32
		{618D4FC9-DD09-4F27-85EA-B7A667307FBB}.Development|HTML5.ActiveCfg = BuiltWithUnrealBuildTool|Win32
		{618D4FC9-DD09-4F27-85EA-B7A667307FBB}.Development|HTML5.Build.0 = BuiltWithUnrealBuildTool|Win32
		{618D4FC9-DD09-4F27-85EA-B7A667307FBB}.Development|Win32.ActiveCfg = BuiltWithUnrealBuildTool|Win32
		{618D4FC9-DD09-4F27-85EA-B7A667307FBB}.Development|Win32.Build.0 = BuiltWithUnrealBuildTool|Win32
		{618D4FC9-DD09-4F27-85EA-B7A667307FBB}.Development|Win64.ActiveCfg = BuiltWithUnrealBuildTool|Win32
		{618D4FC9-DD09-4F27-85EA-B7A667307FBB}.Development|Win64.Build.0 = BuiltWithUnrealBuildTool|Win32
		{618D4FC9-DD09-4F27-85EA-B7A667307FBB}.Shipping|HTML5.ActiveCfg = BuiltWithUnrealBuildTool|Win32
		{618D4FC9-DD09-4F27-85EA-B7A667307FBB}.Shipping|HTML5.Build.0 = BuiltWithUnrealBuildTool|Win32
		{618D4FC9-DD09-4F27-85EA-B7A667307FBB}.Shipping|Win32.ActiveCfg = BuiltWithUnrealBuildTool|Win32
		{618D4FC9-DD09-4F27-85EA-B7A667307FBB}.Shipping|Win32.Build.0 = BuiltWithUnrealBuildTool|Win32
		{618D4FC9-DD09-4F27-85EA-B7A667307FBB}.Shipping|Win64.ActiveCfg = BuiltWithUnrealBuildTool|Win32
		{618D4FC9-DD09-4F27-85EA-B7A667307FBB}.Shipping|Win64.Build.0 = BuiltWithUnrealBuildTool|Win32
		{BE180DB3-0F61-4316-BA56-9B5348CA14CB}.DebugGame Editor|HTML5.ActiveCfg = HTML5_DebugGame_Editor|Win32
		{BE180DB3-0F61-4316-BA56-9B5348CA14CB}.DebugGame Editor|Win32.ActiveCfg = DebugGame_Editor|Win32
		{BE180DB3-0F61-4316-BA56-9B5348CA14CB}.DebugGame Editor|Win64.ActiveCfg = DebugGame_Editor|x64
		{BE180DB3-0F61-4316-BA56-9B5348CA14CB}.DebugGame Editor|Win64.Build.0 = DebugGame_Editor|x64
		{BE180DB3-0F61-4316-BA56-9B5348CA14CB}.DebugGame|HTML5.ActiveCfg = HTML5_DebugGame_Game|Win32
		{BE180DB3-0F61-4316-BA56-9B5348CA14CB}.DebugGame|HTML5.Build.0 = HTML5_DebugGame_Game|Win32
		{BE180DB3-0F61-4316-BA56-9B5348CA14CB}.DebugGame|Win32.ActiveCfg = DebugGame_Game|Win32
		{BE180DB3-0F61-4316-BA56-9B5348CA14CB}.DebugGame|Win32.Build.0 = DebugGame_Game|Win32
		{BE180DB3-0F61-4316-BA56-9B5348CA14CB}.DebugGame|Win64.ActiveCfg = DebugGame_Game|x64
		{BE180DB3-0F61-4316-BA56-9B5348CA14CB}.DebugGame|Win64.Build.0 = DebugGame_Game|x64
		{BE180DB3-0F61-4316-BA56-9B5348CA14CB}.Development Editor|HTML5.ActiveCfg = HTML5_Development_Editor|Win32
		{BE180DB3-0F61-4316-BA56-9B5348CA14CB}.Development Editor|Win32.ActiveCfg = Development_Editor|Win32
		{BE180DB3-0F61-4316-BA56-9B5348CA14CB}.Development Editor|Win64.ActiveCfg = Development_Editor|x64
		{BE180DB3-0F61-4316-BA56-9B5348CA14CB}.Development Editor|Win64.Build.0 = Development_Editor|x64
		{BE180DB3-0F61-4316-BA56-9B5348CA14CB}.Development|HTML5.ActiveCfg = HTML5_Development_Game|Win32
		{BE180DB3-0F61-4316-BA56-9B5348CA14CB}.Development|HTML5.Build.0 = HTML5_Development_Game|Win32
		{BE180DB3-0F61-4316-BA56-9B5348CA14CB}.Development|Win32.ActiveCfg = Development_Game|Win32
		{BE180DB3-0F61-4316-BA56-9B5348CA14CB}.Development|Win32.Build.0 = Development_Game|Win32
		{BE180DB3-0F61-4316-BA56-9B5348CA14CB}.Development|Win64.ActiveCfg = Development_Game|x64
		{BE180DB3-0F61-4316-BA56-9B5348CA14CB}.Development|Win64.Build.0 = Development_Game|x64
		{BE180DB3-0F61-4316-BA56-9B5348CA14CB}.Shipping|HTML5.ActiveCfg = HTML5_Shipping_Game|Win32
		{BE180DB3-0F61-4316-BA56-9B5348CA14CB}.Shipping|HTML5.Build.0 = HTML5_Shipping_Game|Win32
		{BE180DB3-0F61-4316-BA56-9B5348CA14CB}.Shipping|Win32.ActiveCfg = Shipping_Game|Win32
		{BE180DB3-0F61-4316-BA56-9B5348CA14CB}.Shipping|Win32.Build.0 = Shipping_Game|Win32
		{BE180DB3-0F61-4316-BA56-9B5348CA14CB}.Shipping|Win64.ActiveCfg = Shipping_Game|x64
		{BE180DB3-0F61-4316-BA56-9B5348CA14CB}.Shipping|Win64.Build.0 = Shipping_Game|x64
	EndGlobalSection
	GlobalSection(SolutionProperties) = preSolution
		HideSolutionNode = FALSE
	EndGlobalSection
	GlobalSection(NestedProjects) = preSolution
		{233B8C68-5BD4-4438-9179-35C557AA5E28} = {EF32865B-6BD1-45C5-B66C-C3FAE7627B96}
		{618D4FC9-DD09-4F27-85EA-B7A667307FBB} = {8C6CCBDA-E67A-4C51-9EBD-6C83C115CEE6}
		{BE180DB3-0F61-4316-BA56-9B5348CA14CB} = {A2804CB1-FBA5-4D00-BEE0-F3D2D83E195A}
	EndGlobalSection
	GlobalSection(ExtensibilityGlobals) = postSolution
		SolutionGuid = {E775F053-7A1F-495B-BF4E-8C794AD82C96}
	EndGlobalSection
EndGlobal
